// !$*UTF8*$!
{
	archiveVersion = 1;
	classes = {
	};
	objectVersion = 46;
	objects = {

/* Begin PBXBuildFile section */
		03E336EF1DB1D58300FFB960 /* AppDelegate.swift in Sources */ = {isa = PBXBuildFile; fileRef = 03E336EE1DB1D58300FFB960 /* AppDelegate.swift */; };
		03E336F11DB1D58300FFB960 /* Assets.xcassets in Resources */ = {isa = PBXBuildFile; fileRef = 03E336F01DB1D58300FFB960 /* Assets.xcassets */; };
		03E336F41DB1D58300FFB960 /* MainMenu.xib in Resources */ = {isa = PBXBuildFile; fileRef = 03E336F21DB1D58300FFB960 /* MainMenu.xib */; };
		03E336FC1DB1D5E500FFB960 /* MainWindowController.xib in Resources */ = {isa = PBXBuildFile; fileRef = 03E336FB1DB1D5E500FFB960 /* MainWindowController.xib */; };
		03E336FE1DB1D6F900FFB960 /* MainWindowController.swift in Sources */ = {isa = PBXBuildFile; fileRef = 03E336FD1DB1D6F900FFB960 /* MainWindowController.swift */; };
/* End PBXBuildFile section */

/* Begin PBXFileReference section */
		03E336EB1DB1D58300FFB960 /* SpeakLine.app */ = {isa = PBXFileReference; explicitFileType = wrapper.application; includeInIndex = 0; path = SpeakLine.app; sourceTree = BUILT_PRODUCTS_DIR; };
		03E336EE1DB1D58300FFB960 /* AppDelegate.swift */ = {isa = PBXFileReference; lastKnownFileType = sourcecode.swift; path = AppDelegate.swift; sourceTree = "<group>"; };
		03E336F01DB1D58300FFB960 /* Assets.xcassets */ = {isa = PBXFileReference; lastKnownFileType = folder.assetcatalog; path = Assets.xcassets; sourceTree = "<group>"; };
		03E336F31DB1D58300FFB960 /* Base */ = {isa = PBXFileReference; lastKnownFileType = file.xib; name = Base; path = Base.lproj/MainMenu.xib; sourceTree = "<group>"; };
		03E336F51DB1D58300FFB960 /* Info.plist */ = {isa = PBXFileReference; lastKnownFileType = text.plist.xml; path = Info.plist; sourceTree = "<group>"; };
		03E336FB1DB1D5E500FFB960 /* MainWindowController.xib */ = {isa = PBXFileReference; fileEncoding = 4; lastKnownFileType = file.xib; path = MainWindowController.xib; sourceTree = "<group>"; };
		03E336FD1DB1D6F900FFB960 /* MainWindowController.swift */ = {isa = PBXFileReference; fileEncoding = 4; lastKnownFileType = sourcecode.swift; path = MainWindowController.swift; sourceTree = "<group>"; };
/* End PBXFileReference section */

/* Begin PBXFrameworksBuildPhase section */
		03E336E81DB1D58300FFB960 /* Frameworks */ = {
			isa = PBXFrameworksBuildPhase;
			buildActionMask = 2147483647;
			files = (
			);
			runOnlyForDeploymentPostprocessing = 0;
		};
/* End PBXFrameworksBuildPhase section */

/* Begin PBXGroup section */
		03E336E21DB1D58300FFB960 = {
			isa = PBXGroup;
			children = (
				03E336ED1DB1D58300FFB960 /* SpeakLine */,
				03E336EC1DB1D58300FFB960 /* Products */,
			);
			sourceTree = "<group>";
		};
		03E336EC1DB1D58300FFB960 /* Products */ = {
			isa = PBXGroup;
			children = (
				03E336EB1DB1D58300FFB960 /* SpeakLine.app */,
			);
			name = Products;
			sourceTree = "<group>";
		};
		03E336ED1DB1D58300FFB960 /* SpeakLine */ = {
			isa = PBXGroup;
			children = (
				03E336EE1DB1D58300FFB960 /* AppDelegate.swift */,
				03E336F01DB1D58300FFB960 /* Assets.xcassets */,
				03E336F21DB1D58300FFB960 /* MainMenu.xib */,
				03E336F51DB1D58300FFB960 /* Info.plist */,
				03E336FD1DB1D6F900FFB960 /* MainWindowController.swift */,
				03E336FB1DB1D5E500FFB960 /* MainWindowController.xib */,
			);
			path = SpeakLine;
			sourceTree = "<group>";
		};
/* End PBXGroup section */

/* Begin PBXNativeTarget section */
		03E336EA1DB1D58300FFB960 /* SpeakLine */ = {
			isa = PBXNativeTarget;
			buildConfigurationList = 03E336F81DB1D58300FFB960 /* Build configuration list for PBXNativeTarget "SpeakLine" */;
			buildPhases = (
				03E336E71DB1D58300FFB960 /* Sources */,
				03E336E81DB1D58300FFB960 /* Frameworks */,
				03E336E91DB1D58300FFB960 /* Resources */,
			);
			buildRules = (
			);
			dependencies = (
			);
			name = SpeakLine;
			productName = SpeakLine;
			productReference = 03E336EB1DB1D58300FFB960 /* SpeakLine.app */;
			productType = "com.apple.product-type.application";
		};
/* End PBXNativeTarget section */

/* Begin PBXProject section */
		03E336E31DB1D58300FFB960 /* Project object */ = {
			isa = PBXProject;
			attributes = {
				LastSwiftUpdateCheck = 0800;
				LastUpgradeCheck = 0800;
				ORGANIZATIONNAME = "马志彬";
				TargetAttributes = {
					03E336EA1DB1D58300FFB960 = {
						CreatedOnToolsVersion = 8.0;
						DevelopmentTeam = 95Q5B4HU44;
						ProvisioningStyle = Automatic;
					};
				};
			};
			buildConfigurationList = 03E336E61DB1D58300FFB960 /* Build configuration list for PBXProject "SpeakLine" */;
			compatibilityVersion = "Xcode 3.2";
			developmentRegion = English;
			hasScannedForEncodings = 0;
			knownRegions = (
				en,
				Base,
			);
			mainGroup = 03E336E21DB1D58300FFB960;
			productRefGroup = 03E336EC1DB1D58300FFB960 /* Products */;
			projectDirPath = "";
			projectRoot = "";
			targets = (
				03E336EA1DB1D58300FFB960 /* SpeakLine */,
			);
		};
/* End PBXProject section */

/* Begin PBXResourcesBuildPhase section */
		03E336E91DB1D58300FFB960 /* Resources */ = {
			isa = PBXResourcesBuildPhase;
			buildActionMask = 2147483647;
			files = (
				03E336F11DB1D58300FFB960 /* Assets.xcassets in Resources */,
				03E336FC1DB1D5E500FFB960 /* MainWindowController.xib in Resources */,
				03E336F41DB1D58300FFB960 /* MainMenu.xib in Resources */,
			);
			runOnlyForDeploymentPostprocessing = 0;
		};
/* End PBXResourcesBuildPhase section */

/* Begin PBXSourcesBuildPhase section */
		03E336E71DB1D58300FFB960 /* Sources */ = {
			isa = PBXSourcesBuildPhase;
			buildActionMask = 2147483647;
			files = (
				03E336FE1DB1D6F900FFB960 /* MainWindowController.swift in Sources */,
				03E336EF1DB1D58300FFB960 /* AppDelegate.swift in Sources */,
			);
			runOnlyForDeploymentPostprocessing = 0;
		};
/* End PBXSourcesBuildPhase section */

/* Begin PBXVariantGroup section */
		03E336F21DB1D58300FFB960 /* MainMenu.xib */ = {
			isa = PBXVariantGroup;
			children = (
				03E336F31DB1D58300FFB960 /* Base */,
			);
			name = MainMenu.xib;
			sourceTree = "<group>";
		};
/* End PBXVariantGroup section */

/* Begin XCBuildConfiguration section */
		03E336F61DB1D58300FFB960 /* Debug */ = {
			isa = XCBuildConfiguration;
			buildSettings = {
				ALWAYS_SEARCH_USER_PATHS = NO;
				CLANG_ANALYZER_NONNULL = YES;
				CLANG_CXX_LANGUAGE_STANDARD = "gnu++0x";
				CLANG_CXX_LIBRARY = "libc++";
				CLANG_ENABLE_MODULES = YES;
				CLANG_ENABLE_OBJC_ARC = YES;
				CLANG_WARN_BOOL_CONVERSION = YES;
				CLANG_WARN_CONSTANT_CONVERSION = YES;
				CLANG_WARN_DIRECT_OBJC_ISA_USAGE = YES_ERROR;
				CLANG_WARN_DOCUMENTATION_COMMENTS = YES;
				CLANG_WARN_EMPTY_BODY = YES;
				CLANG_WARN_ENUM_CONVERSION = YES;
				CLANG_WARN_INFINITE_RECURSION = YES;
				CLANG_WARN_INT_CONVERSION = YES;
				CLANG_WARN_OBJC_ROOT_CLASS = YES_ERROR;
				CLANG_WARN_SUSPICIOUS_MOVES = YES;
				CLANG_WARN_UNREACHABLE_CODE = YES;
				CLANG_WARN__DUPLICATE_METHOD_MATCH = YES;
				CODE_SIGN_IDENTITY = "-";
				COPY_PHASE_STRIP = NO;
				DEBUG_INFORMATION_FORMAT = dwarf;
				ENABLE_STRICT_OBJC_MSGSEND = YES;
				ENABLE_TESTABILITY = YES;
				GCC_C_LANGUAGE_STANDARD = gnu99;
				GCC_DYNAMIC_NO_PIC = NO;
				GCC_NO_COMMON_BLOCKS = YES;
				GCC_OPTIMIZATION_LEVEL = 0;
				GCC_PREPROCESSOR_DEFINITIONS = (
					"DEBUG=1",
					"$(inherited)",
				);
				GCC_WARN_64_TO_32_BIT_CONVERSION = YES;
				GCC_WARN_ABOUT_RETURN_TYPE = YES_ERROR;
				GCC_WARN_UNDECLARED_SELECTOR = YES;
				GCC_WARN_UNINITIALIZED_AUTOS = YES_AGGRESSIVE;
				GCC_WARN_UNUSED_FUNCTION = YES;
				GCC_WARN_UNUSED_VARIABLE = YES;
				MACOSX_DEPLOYMENT_TARGET = 10.11;
				MTL_ENABLE_DEBUG_INFO = YES;
				ONLY_ACTIVE_ARCH = YES;
				SDKROOT = macosx;
				SWIFT_ACTIVE_COMPILATION_CONDITIONS = DEBUG;
				SWIFT_OPTIMIZATION_LEVEL = "-Onone";
			};
			name = Debug;
		};
		03E336F71DB1D58300FFB960 /* Release */ = {
			isa = XCBuildConfiguration;
			buildSettings = {
				ALWAYS_SEARCH_USER_PATHS = NO;
				CLANG_ANALYZER_NONNULL = YES;
				CLANG_CXX_LANGUAGE_STANDARD = "gnu++0x";
				CLANG_CXX_LIBRARY = "libc++";
				CLANG_ENABLE_MODULES = YES;
				CLANG_ENABLE_OBJC_ARC = YES;
				CLANG_WARN_BOOL_CONVERSION = YES;
				CLANG_WARN_CONSTANT_CONVERSION = YES;
				CLANG_WARN_DIRECT_OBJC_ISA_USAGE = YES_ERROR;
				CLANG_WARN_DOCUMENTATION_COMMENTS = YES;
				CLANG_WARN_EMPTY_BODY = YES;
				CLANG_WARN_ENUM_CONVERSION = YES;
				CLANG_WARN_INFINITE_RECURSION = YES;
				CLANG_WARN_INT_CONVERSION = YES;
				CLANG_WARN_OBJC_ROOT_CLASS = YES_ERROR;
				CLANG_WARN_SUSPICIOUS_MOVES = YES;
				CLANG_WARN_UNREACHABLE_CODE = YES;
				CLANG_WARN__DUPLICATE_METHOD_MATCH = YES;
				CODE_SIGN_IDENTITY = "-";
				COPY_PHASE_STRIP = NO;
				DEBUG_INFORMATION_FORMAT = "dwarf-with-dsym";
				ENABLE_NS_ASSERTIONS = NO;
				ENABLE_STRICT_OBJC_MSGSEND = YES;
				GCC_C_LANGUAGE_STANDARD = gnu99;
				GCC_NO_COMMON_BLOCKS = YES;
				GCC_WARN_64_TO_32_BIT_CONVERSION = YES;
				GCC_WARN_ABOUT_RETURN_TYPE = YES_ERROR;
				GCC_WARN_UNDECLARED_SELECTOR = YES;
				GCC_WARN_UNINITIALIZED_AUTOS = YES_AGGRESSIVE;
				GCC_WARN_UNUSED_FUNCTION = YES;
				GCC_WARN_UNUSED_VARIABLE = YES;
				MACOSX_DEPLOYMENT_TARGET = 10.11;
				MTL_ENABLE_DEBUG_INFO = NO;
				SDKROOT = macosx;
				SWIFT_OPTIMIZATION_LEVEL = "-Owholemodule";
			};
			name = Release;
		};
		03E336F91DB1D58300FFB960 /* Debug */ = {
			isa = XCBuildConfiguration;
			buildSettings = {
				ASSETCATALOG_COMPILER_APPICON_NAME = AppIcon;
				COMBINE_HIDPI_IMAGES = YES;
				DEVELOPMENT_TEAM = 95Q5B4HU44;
				INFOPLIST_FILE = SpeakLine/Info.plist;
				LD_RUNPATH_SEARCH_PATHS = "$(inherited) @executable_path/../Frameworks";
				PRODUCT_BUNDLE_IDENTIFIER = com.tobyn.SpeakLine;
				PRODUCT_NAME = "$(TARGET_NAME)";
				SWIFT_VERSION = 3.0;
			};
			name = Debug;
		};
		03E336FA1DB1D58300FFB960 /* Release */ = {
			isa = XCBuildConfiguration;
			buildSettings = {
				ASSETCATALOG_COMPILER_APPICON_NAME = AppIcon;
				COMBINE_HIDPI_IMAGES = YES;
				DEVELOPMENT_TEAM = 95Q5B4HU44;
				INFOPLIST_FILE = SpeakLine/Info.plist;
				LD_RUNPATH_SEARCH_PATHS = "$(inherited) @executable_path/../Frameworks";
				PRODUCT_BUNDLE_IDENTIFIER = com.tobyn.SpeakLine;
				PRODUCT_NAME = "$(TARGET_NAME)";
				SWIFT_VERSION = 3.0;
			};
			name = Release;
		};
/* End XCBuildConfiguration section */

/* Begin XCConfigurationList section */
		03E336E61DB1D58300FFB960 /* Build configuration list for PBXProject "SpeakLine" */ = {
			isa = XCConfigurationList;
			buildConfigurations = (
				03E336F61DB1D58300FFB960 /* Debug */,
				03E336F71DB1D58300FFB960 /* Release */,
			);
			defaultConfigurationIsVisible = 0;
			defaultConfigurationName = Release;
		};
		03E336F81DB1D58300FFB960 /* Build configuration list for PBXNativeTarget "SpeakLine" */ = {
			isa = XCConfigurationList;
			buildConfigurations = (
				03E336F91DB1D58300FFB960 /* Debug */,
				03E336FA1DB1D58300FFB960 /* Release */,
			);
			defaultConfigurationIsVisible = 0;
			defaultConfigurationName = Release;
		};
/* End XCConfigurationList section */
	};
	rootObject = 03E336E31DB1D58300FFB960 /* Project object */;
}
